
Microsoft Visual Studio Solution File, Format Version 12.00
Project("{FAE04EC0-301F-11D3-BF4B-00C04F79EFBC}") = "AuthorTimeHunting", "AuthorTimeHunting\AuthorTimeHunting.csproj", "{2628B9AC-F565-4771-9046-030F5F923779}"
EndProject
Global
	GlobalSection(SolutionConfigurationPlatforms) = preSolution
		Debug|Any CPU = Debug|Any CPU
		Release|Any CPU = Release|Any CPU
	EndGlobalSection
	GlobalSection(ProjectConfigurationPlatforms) = postSolution
		{2628B9AC-F565-4771-9046-030F5F923779}.Debug|Any CPU.ActiveCfg = Debug|Any CPU
		{2628B9AC-F565-4771-9046-030F5F923779}.Debug|Any CPU.Build.0 = Debug|Any CPU
		{2628B9AC-F565-4771-9046-030F5F923779}.Release|Any CPU.ActiveCfg = Release|Any CPU
		{2628B9AC-F565-4771-9046-030F5F923779}.Release|Any CPU.Build.0 = Release|Any CPU
	EndGlobalSection
EndGlobal
